
Microsoft Visual Studio Solution File, Format Version 12.00
# Visual Studio Version 16
VisualStudioVersion = 16.0.30114.105
MinimumVisualStudioVersion = 10.0.40219.1
Project("{FAE04EC0-301F-11D3-BF4B-00C04F79EFBC}") = "GraphQL", "GraphQL\GraphQL.csproj", "{C57EF790-E05D-4420-92E1-2601208853CC}"
EndProject
Project("{FAE04EC0-301F-11D3-BF4B-00C04F79EFBC}") = "GraphQL.Tests", "GraphQL.Tests\GraphQL.Tests.csproj", "{020E4372-E3E2-421F-8BC6-8D2F61D90BD5}"
EndProject
Project("{FAE04EC0-301F-11D3-BF4B-00C04F79EFBC}") = "BlazorDemo", "BlazorDemo\BlazorDemo.csproj", "{7506C450-E9A4-4479-9AEA-11F73E65F0C3}"
EndProject
Global
	GlobalSection(SolutionConfigurationPlatforms) = preSolution
		Debug|Any CPU = Debug|Any CPU
		Debug|x64 = Debug|x64
		Debug|x86 = Debug|x86
		Release|Any CPU = Release|Any CPU
		Release|x64 = Release|x64
		Release|x86 = Release|x86
	EndGlobalSection
	GlobalSection(SolutionProperties) = preSolution
		HideSolutionNode = FALSE
	EndGlobalSection
	GlobalSection(ProjectConfigurationPlatforms) = postSolution
		{C57EF790-E05D-4420-92E1-2601208853CC}.Debug|Any CPU.ActiveCfg = Debug|Any CPU
		{C57EF790-E05D-4420-92E1-2601208853CC}.Debug|Any CPU.Build.0 = Debug|Any CPU
		{C57EF790-E05D-4420-92E1-2601208853CC}.Debug|x64.ActiveCfg = Debug|Any CPU
		{C57EF790-E05D-4420-92E1-2601208853CC}.Debug|x64.Build.0 = Debug|Any CPU
		{C57EF790-E05D-4420-92E1-2601208853CC}.Debug|x86.ActiveCfg = Debug|Any CPU
		{C57EF790-E05D-4420-92E1-2601208853CC}.Debug|x86.Build.0 = Debug|Any CPU
		{C57EF790-E05D-4420-92E1-2601208853CC}.Release|Any CPU.ActiveCfg = Release|Any CPU
		{C57EF790-E05D-4420-92E1-2601208853CC}.Release|Any CPU.Build.0 = Release|Any CPU
		{C57EF790-E05D-4420-92E1-2601208853CC}.Release|x64.ActiveCfg = Release|Any CPU
		{C57EF790-E05D-4420-92E1-2601208853CC}.Release|x64.Build.0 = Release|Any CPU
		{C57EF790-E05D-4420-92E1-2601208853CC}.Release|x86.ActiveCfg = Release|Any CPU
		{C57EF790-E05D-4420-92E1-2601208853CC}.Release|x86.Build.0 = Release|Any CPU
		{020E4372-E3E2-421F-8BC6-8D2F61D90BD5}.Debug|Any CPU.ActiveCfg = Debug|Any CPU
		{020E4372-E3E2-421F-8BC6-8D2F61D90BD5}.Debug|Any CPU.Build.0 = Debug|Any CPU
		{020E4372-E3E2-421F-8BC6-8D2F61D90BD5}.Debug|x64.ActiveCfg = Debug|Any CPU
		{020E4372-E3E2-421F-8BC6-8D2F61D90BD5}.Debug|x64.Build.0 = Debug|Any CPU
		{020E4372-E3E2-421F-8BC6-8D2F61D90BD5}.Debug|x86.ActiveCfg = Debug|Any CPU
		{020E4372-E3E2-421F-8BC6-8D2F61D90BD5}.Debug|x86.Build.0 = Debug|Any CPU
		{020E4372-E3E2-421F-8BC6-8D2F61D90BD5}.Release|Any CPU.ActiveCfg = Release|Any CPU
		{020E4372-E3E2-421F-8BC6-8D2F61D90BD5}.Release|Any CPU.Build.0 = Release|Any CPU
		{020E4372-E3E2-421F-8BC6-8D2F61D90BD5}.Release|x64.ActiveCfg = Release|Any CPU
		{020E4372-E3E2-421F-8BC6-8D2F61D90BD5}.Release|x64.Build.0 = Release|Any CPU
		{020E4372-E3E2-421F-8BC6-8D2F61D90BD5}.Release|x86.ActiveCfg = Release|Any CPU
		{020E4372-E3E2-421F-8BC6-8D2F61D90BD5}.Release|x86.Build.0 = Release|Any CPU
		{7506C450-E9A4-4479-9AEA-11F73E65F0C3}.Debug|Any CPU.ActiveCfg = Debug|Any CPU
		{7506C450-E9A4-4479-9AEA-11F73E65F0C3}.Debug|Any CPU.Build.0 = Debug|Any CPU
		{7506C450-E9A4-4479-9AEA-11F73E65F0C3}.Debug|x64.ActiveCfg = Debug|Any CPU
		{7506C450-E9A4-4479-9AEA-11F73E65F0C3}.Debug|x64.Build.0 = Debug|Any CPU
		{7506C450-E9A4-4479-9AEA-11F73E65F0C3}.Debug|x86.ActiveCfg = Debug|Any CPU
		{7506C450-E9A4-4479-9AEA-11F73E65F0C3}.Debug|x86.Build.0 = Debug|Any CPU
		{7506C450-E9A4-4479-9AEA-11F73E65F0C3}.Release|Any CPU.ActiveCfg = Release|Any CPU
		{7506C450-E9A4-4479-9AEA-11F73E65F0C3}.Release|Any CPU.Build.0 = Release|Any CPU
		{7506C450-E9A4-4479-9AEA-11F73E65F0C3}.Release|x64.ActiveCfg = Release|Any CPU
		{7506C450-E9A4-4479-9AEA-11F73E65F0C3}.Release|x64.Build.0 = Release|Any CPU
		{7506C450-E9A4-4479-9AEA-11F73E65F0C3}.Release|x86.ActiveCfg = Release|Any CPU
		{7506C450-E9A4-4479-9AEA-11F73E65F0C3}.Release|x86.Build.0 = Release|Any CPU
	EndGlobalSection
EndGlobal
